// !$*UTF8*$!
{
	archiveVersion = 1;
	classes = {
	};
	objectVersion = 46;
	objects = {

/* Begin PBXBuildFile section */
		D35C116917BE10AE0002A6AF /* GirthMeasurementsController.m in Sources */ = {isa = PBXBuildFile; fileRef = D35C116717BE10AE0002A6AF /* GirthMeasurementsController.m */; };
		D35C116A17BE10AE0002A6AF /* GirthMeasurementsController.xib in Resources */ = {isa = PBXBuildFile; fileRef = D35C116817BE10AE0002A6AF /* GirthMeasurementsController.xib */; };
		D35C116E17BE21A10002A6AF /* BodyMeasurementsController.m in Sources */ = {isa = PBXBuildFile; fileRef = D35C116C17BE21A10002A6AF /* BodyMeasurementsController.m */; };
		D35C116F17BE21A10002A6AF /* BodyMeasurementsController.xib in Resources */ = {isa = PBXBuildFile; fileRef = D35C116D17BE21A10002A6AF /* BodyMeasurementsController.xib */; };
		D3B6B28917B38F910008DDFA /* UIKit.framework in Frameworks */ = {isa = PBXBuildFile; fileRef = D3B6B28817B38F910008DDFA /* UIKit.framework */; };
		D3B6B28B17B38F910008DDFA /* Foundation.framework in Frameworks */ = {isa = PBXBuildFile; fileRef = D3B6B28A17B38F910008DDFA /* Foundation.framework */; };
		D3B6B28D17B38F910008DDFA /* CoreGraphics.framework in Frameworks */ = {isa = PBXBuildFile; fileRef = D3B6B28C17B38F910008DDFA /* CoreGraphics.framework */; };
		D3B6B29317B38F910008DDFA /* InfoPlist.strings in Resources */ = {isa = PBXBuildFile; fileRef = D3B6B29117B38F910008DDFA /* InfoPlist.strings */; };
		D3B6B29517B38F910008DDFA /* main.m in Sources */ = {isa = PBXBuildFile; fileRef = D3B6B29417B38F910008DDFA /* main.m */; };
		D3B6B29917B38F910008DDFA /* MyProfileViewAppDelegate.m in Sources */ = {isa = PBXBuildFile; fileRef = D3B6B29817B38F910008DDFA /* MyProfileViewAppDelegate.m */; };
		D3B6B29B17B38F910008DDFA /* Default.png in Resources */ = {isa = PBXBuildFile; fileRef = D3B6B29A17B38F910008DDFA /* Default.png */; };
		D3B6B29D17B38F910008DDFA /* Default@2x.png in Resources */ = {isa = PBXBuildFile; fileRef = D3B6B29C17B38F910008DDFA /* Default@2x.png */; };
		D3B6B29F17B38F910008DDFA /* Default-568h@2x.png in Resources */ = {isa = PBXBuildFile; fileRef = D3B6B29E17B38F910008DDFA /* Default-568h@2x.png */; };
		D3B6B2A217B38F910008DDFA /* MainStoryboard.storyboard in Resources */ = {isa = PBXBuildFile; fileRef = D3B6B2A017B38F910008DDFA /* MainStoryboard.storyboard */; };
		D3B6B2A517B38F910008DDFA /* MyProfileViewController.m in Sources */ = {isa = PBXBuildFile; fileRef = D3B6B2A417B38F910008DDFA /* MyProfileViewController.m */; };
/* End PBXBuildFile section */

/* Begin PBXFileReference section */
		D35C116617BE10AE0002A6AF /* GirthMeasurementsController.h */ = {isa = PBXFileReference; fileEncoding = 4; lastKnownFileType = sourcecode.c.h; name = GirthMeasurementsController.h; path = ../GirthMeasurementsController.h; sourceTree = "<group>"; };
		D35C116717BE10AE0002A6AF /* GirthMeasurementsController.m */ = {isa = PBXFileReference; fileEncoding = 4; lastKnownFileType = sourcecode.c.objc; name = GirthMeasurementsController.m; path = ../GirthMeasurementsController.m; sourceTree = "<group>"; };
		D35C116817BE10AE0002A6AF /* GirthMeasurementsController.xib */ = {isa = PBXFileReference; fileEncoding = 4; lastKnownFileType = file.xib; name = GirthMeasurementsController.xib; path = ../GirthMeasurementsController.xib; sourceTree = "<group>"; };
		D35C116B17BE21A10002A6AF /* BodyMeasurementsController.h */ = {isa = PBXFileReference; fileEncoding = 4; lastKnownFileType = sourcecode.c.h; path = BodyMeasurementsController.h; sourceTree = "<group>"; };
		D35C116C17BE21A10002A6AF /* BodyMeasurementsController.m */ = {isa = PBXFileReference; fileEncoding = 4; lastKnownFileType = sourcecode.c.objc; path = BodyMeasurementsController.m; sourceTree = "<group>"; };
		D35C116D17BE21A10002A6AF /* BodyMeasurementsController.xib */ = {isa = PBXFileReference; fileEncoding = 4; lastKnownFileType = file.xib; path = BodyMeasurementsController.xib; sourceTree = "<group>"; };
		D3B6B28517B38F910008DDFA /* MyBodyRules.app */ = {isa = PBXFileReference; explicitFileType = wrapper.application; includeInIndex = 0; path = MyBodyRules.app; sourceTree = BUILT_PRODUCTS_DIR; };
		D3B6B28817B38F910008DDFA /* UIKit.framework */ = {isa = PBXFileReference; lastKnownFileType = wrapper.framework; name = UIKit.framework; path = System/Library/Frameworks/UIKit.framework; sourceTree = SDKROOT; };
		D3B6B28A17B38F910008DDFA /* Foundation.framework */ = {isa = PBXFileReference; lastKnownFileType = wrapper.framework; name = Foundation.framework; path = System/Library/Frameworks/Foundation.framework; sourceTree = SDKROOT; };
		D3B6B28C17B38F910008DDFA /* CoreGraphics.framework */ = {isa = PBXFileReference; lastKnownFileType = wrapper.framework; name = CoreGraphics.framework; path = System/Library/Frameworks/CoreGraphics.framework; sourceTree = SDKROOT; };
		D3B6B29017B38F910008DDFA /* MyBodyRules-Info.plist */ = {isa = PBXFileReference; lastKnownFileType = text.plist.xml; path = "MyBodyRules-Info.plist"; sourceTree = "<group>"; };
		D3B6B29217B38F910008DDFA /* en */ = {isa = PBXFileReference; lastKnownFileType = text.plist.strings; name = en; path = en.lproj/InfoPlist.strings; sourceTree = "<group>"; };
		D3B6B29417B38F910008DDFA /* main.m */ = {isa = PBXFileReference; lastKnownFileType = sourcecode.c.objc; path = main.m; sourceTree = "<group>"; };
		D3B6B29617B38F910008DDFA /* MyBodyRules-Prefix.pch */ = {isa = PBXFileReference; lastKnownFileType = sourcecode.c.h; path = "MyBodyRules-Prefix.pch"; sourceTree = "<group>"; };
		D3B6B29717B38F910008DDFA /* MyProfileViewAppDelegate.h */ = {isa = PBXFileReference; lastKnownFileType = sourcecode.c.h; path = MyProfileViewAppDelegate.h; sourceTree = "<group>"; };
		D3B6B29817B38F910008DDFA /* MyProfileViewAppDelegate.m */ = {isa = PBXFileReference; lastKnownFileType = sourcecode.c.objc; path = MyProfileViewAppDelegate.m; sourceTree = "<group>"; };
		D3B6B29A17B38F910008DDFA /* Default.png */ = {isa = PBXFileReference; lastKnownFileType = image.png; path = Default.png; sourceTree = "<group>"; };
		D3B6B29C17B38F910008DDFA /* Default@2x.png */ = {isa = PBXFileReference; lastKnownFileType = image.png; path = "Default@2x.png"; sourceTree = "<group>"; };
		D3B6B29E17B38F910008DDFA /* Default-568h@2x.png */ = {isa = PBXFileReference; lastKnownFileType = image.png; path = "Default-568h@2x.png"; sourceTree = "<group>"; };
		D3B6B2A117B38F910008DDFA /* en */ = {isa = PBXFileReference; lastKnownFileType = file.storyboard; name = en; path = en.lproj/MainStoryboard.storyboard; sourceTree = "<group>"; };
		D3B6B2A317B38F910008DDFA /* MyProfileViewController.h */ = {isa = PBXFileReference; lastKnownFileType = sourcecode.c.h; path = MyProfileViewController.h; sourceTree = "<group>"; };
		D3B6B2A417B38F910008DDFA /* MyProfileViewController.m */ = {isa = PBXFileReference; lastKnownFileType = sourcecode.c.objc; path = MyProfileViewController.m; sourceTree = "<group>"; };
/* End PBXFileReference section */

/* Begin PBXFrameworksBuildPhase section */
		D3B6B28217B38F910008DDFA /* Frameworks */ = {
			isa = PBXFrameworksBuildPhase;
			buildActionMask = 2147483647;
			files = (
				D3B6B28917B38F910008DDFA /* UIKit.framework in Frameworks */,
				D3B6B28B17B38F910008DDFA /* Foundation.framework in Frameworks */,
				D3B6B28D17B38F910008DDFA /* CoreGraphics.framework in Frameworks */,
			);
			runOnlyForDeploymentPostprocessing = 0;
		};
/* End PBXFrameworksBuildPhase section */

/* Begin PBXGroup section */
		D3B6B27C17B38F910008DDFA = {
			isa = PBXGroup;
			children = (
				D3B6B28E17B38F910008DDFA /* MyBodyRules */,
				D3B6B28717B38F910008DDFA /* Frameworks */,
				D3B6B28617B38F910008DDFA /* Products */,
			);
			sourceTree = "<group>";
		};
		D3B6B28617B38F910008DDFA /* Products */ = {
			isa = PBXGroup;
			children = (
				D3B6B28517B38F910008DDFA /* MyBodyRules.app */,
			);
			name = Products;
			sourceTree = "<group>";
		};
		D3B6B28717B38F910008DDFA /* Frameworks */ = {
			isa = PBXGroup;
			children = (
				D3B6B28817B38F910008DDFA /* UIKit.framework */,
				D3B6B28A17B38F910008DDFA /* Foundation.framework */,
				D3B6B28C17B38F910008DDFA /* CoreGraphics.framework */,
			);
			name = Frameworks;
			sourceTree = "<group>";
		};
		D3B6B28E17B38F910008DDFA /* MyBodyRules */ = {
			isa = PBXGroup;
			children = (
				D3B6B29717B38F910008DDFA /* MyProfileViewAppDelegate.h */,
				D3B6B29817B38F910008DDFA /* MyProfileViewAppDelegate.m */,
				D3B6B2A017B38F910008DDFA /* MainStoryboard.storyboard */,
				D3B6B2A317B38F910008DDFA /* MyProfileViewController.h */,
				D3B6B2A417B38F910008DDFA /* MyProfileViewController.m */,
				D35C116B17BE21A10002A6AF /* BodyMeasurementsController.h */,
				D35C116C17BE21A10002A6AF /* BodyMeasurementsController.m */,
				D35C116D17BE21A10002A6AF /* BodyMeasurementsController.xib */,
				D35C116617BE10AE0002A6AF /* GirthMeasurementsController.h */,
				D35C116717BE10AE0002A6AF /* GirthMeasurementsController.m */,
				D35C116817BE10AE0002A6AF /* GirthMeasurementsController.xib */,
				D3B6B28F17B38F910008DDFA /* Supporting Files */,
			);
			path = MyBodyRules;
			sourceTree = "<group>";
		};
		D3B6B28F17B38F910008DDFA /* Supporting Files */ = {
			isa = PBXGroup;
			children = (
				D3B6B29017B38F910008DDFA /* MyBodyRules-Info.plist */,
				D3B6B29117B38F910008DDFA /* InfoPlist.strings */,
				D3B6B29417B38F910008DDFA /* main.m */,
				D3B6B29617B38F910008DDFA /* MyBodyRules-Prefix.pch */,
				D3B6B29A17B38F910008DDFA /* Default.png */,
				D3B6B29C17B38F910008DDFA /* Default@2x.png */,
				D3B6B29E17B38F910008DDFA /* Default-568h@2x.png */,
			);
			name = "Supporting Files";
			sourceTree = "<group>";
		};
/* End PBXGroup section */

/* Begin PBXNativeTarget section */
		D3B6B28417B38F910008DDFA /* MyBodyRules */ = {
			isa = PBXNativeTarget;
			buildConfigurationList = D3B6B2A817B38F910008DDFA /* Build configuration list for PBXNativeTarget "MyBodyRules" */;
			buildPhases = (
				D3B6B28117B38F910008DDFA /* Sources */,
				D3B6B28217B38F910008DDFA /* Frameworks */,
				D3B6B28317B38F910008DDFA /* Resources */,
			);
			buildRules = (
			);
			dependencies = (
			);
			name = MyBodyRules;
			productName = MyBodyRules;
			productReference = D3B6B28517B38F910008DDFA /* MyBodyRules.app */;
			productType = "com.apple.product-type.application";
		};
/* End PBXNativeTarget section */

/* Begin PBXProject section */
		D3B6B27D17B38F910008DDFA /* Project object */ = {
			isa = PBXProject;
			attributes = {
				CLASSPREFIX = FirstIpadView;
				LastUpgradeCheck = 0460;
				ORGANIZATIONNAME = "Divya Reddy";
			};
			buildConfigurationList = D3B6B28017B38F910008DDFA /* Build configuration list for PBXProject "MyBodyRules" */;
			compatibilityVersion = "Xcode 3.2";
			developmentRegion = English;
			hasScannedForEncodings = 0;
			knownRegions = (
				en,
			);
			mainGroup = D3B6B27C17B38F910008DDFA;
			productRefGroup = D3B6B28617B38F910008DDFA /* Products */;
			projectDirPath = "";
			projectRoot = "";
			targets = (
				D3B6B28417B38F910008DDFA /* MyBodyRules */,
			);
		};
/* End PBXProject section */

/* Begin PBXResourcesBuildPhase section */
		D3B6B28317B38F910008DDFA /* Resources */ = {
			isa = PBXResourcesBuildPhase;
			buildActionMask = 2147483647;
			files = (
				D3B6B29317B38F910008DDFA /* InfoPlist.strings in Resources */,
				D3B6B29B17B38F910008DDFA /* Default.png in Resources */,
				D3B6B29D17B38F910008DDFA /* Default@2x.png in Resources */,
				D3B6B29F17B38F910008DDFA /* Default-568h@2x.png in Resources */,
				D3B6B2A217B38F910008DDFA /* MainStoryboard.storyboard in Resources */,
				D35C116A17BE10AE0002A6AF /* GirthMeasurementsController.xib in Resources */,
				D35C116F17BE21A10002A6AF /* BodyMeasurementsController.xib in Resources */,
			);
			runOnlyForDeploymentPostprocessing = 0;
		};
/* End PBXResourcesBuildPhase section */

/* Begin PBXSourcesBuildPhase section */
		D3B6B28117B38F910008DDFA /* Sources */ = {
			isa = PBXSourcesBuildPhase;
			buildActionMask = 2147483647;
			files = (
				D3B6B29517B38F910008DDFA /* main.m in Sources */,
				D3B6B29917B38F910008DDFA /* MyProfileViewAppDelegate.m in Sources */,
				D3B6B2A517B38F910008DDFA /* MyProfileViewController.m in Sources */,
				D35C116917BE10AE0002A6AF /* GirthMeasurementsController.m in Sources */,
				D35C116E17BE21A10002A6AF /* BodyMeasurementsController.m in Sources */,
			);
			runOnlyForDeploymentPostprocessing = 0;
		};
/* End PBXSourcesBuildPhase section */

/* Begin PBXVariantGroup section */
		D3B6B29117B38F910008DDFA /* InfoPlist.strings */ = {
			isa = PBXVariantGroup;
			children = (
				D3B6B29217B38F910008DDFA /* en */,
			);
			name = InfoPlist.strings;
			sourceTree = "<group>";
		};
		D3B6B2A017B38F910008DDFA /* MainStoryboard.storyboard */ = {
			isa = PBXVariantGroup;
			children = (
				D3B6B2A117B38F910008DDFA /* en */,
			);
			name = MainStoryboard.storyboard;
			sourceTree = "<group>";
		};
/* End PBXVariantGroup section */

/* Begin XCBuildConfiguration section */
		D3B6B2A617B38F910008DDFA /* Debug */ = {
			isa = XCBuildConfiguration;
			buildSettings = {
				ALWAYS_SEARCH_USER_PATHS = NO;
				CLANG_CXX_LANGUAGE_STANDARD = "gnu++0x";
				CLANG_CXX_LIBRARY = "libc++";
				CLANG_ENABLE_OBJC_ARC = YES;
				CLANG_WARN_CONSTANT_CONVERSION = YES;
				CLANG_WARN_EMPTY_BODY = YES;
				CLANG_WARN_ENUM_CONVERSION = YES;
				CLANG_WARN_INT_CONVERSION = YES;
				CLANG_WARN__DUPLICATE_METHOD_MATCH = YES;
				"CODE_SIGN_IDENTITY[sdk=iphoneos*]" = "iPhone Developer";
				COPY_PHASE_STRIP = NO;
				GCC_C_LANGUAGE_STANDARD = gnu99;
				GCC_DYNAMIC_NO_PIC = NO;
				GCC_OPTIMIZATION_LEVEL = 0;
				GCC_PREPROCESSOR_DEFINITIONS = (
					"DEBUG=1",
					"$(inherited)",
				);
				GCC_SYMBOLS_PRIVATE_EXTERN = NO;
				GCC_WARN_ABOUT_RETURN_TYPE = YES;
				GCC_WARN_UNINITIALIZED_AUTOS = YES;
				GCC_WARN_UNUSED_VARIABLE = YES;
				IPHONEOS_DEPLOYMENT_TARGET = 6.1;
				ONLY_ACTIVE_ARCH = YES;
				SDKROOT = iphoneos;
				TARGETED_DEVICE_FAMILY = 2;
			};
			name = Debug;
		};
		D3B6B2A717B38F910008DDFA /* Release */ = {
			isa = XCBuildConfiguration;
			buildSettings = {
				ALWAYS_SEARCH_USER_PATHS = NO;
				CLANG_CXX_LANGUAGE_STANDARD = "gnu++0x";
				CLANG_CXX_LIBRARY = "libc++";
				CLANG_ENABLE_OBJC_ARC = YES;
				CLANG_WARN_CONSTANT_CONVERSION = YES;
				CLANG_WARN_EMPTY_BODY = YES;
				CLANG_WARN_ENUM_CONVERSION = YES;
				CLANG_WARN_INT_CONVERSION = YES;
				CLANG_WARN__DUPLICATE_METHOD_MATCH = YES;
				"CODE_SIGN_IDENTITY[sdk=iphoneos*]" = "iPhone Developer";
				COPY_PHASE_STRIP = YES;
				GCC_C_LANGUAGE_STANDARD = gnu99;
				GCC_WARN_ABOUT_RETURN_TYPE = YES;
				GCC_WARN_UNINITIALIZED_AUTOS = YES;
				GCC_WARN_UNUSED_VARIABLE = YES;
				IPHONEOS_DEPLOYMENT_TARGET = 6.1;
				OTHER_CFLAGS = "-DNS_BLOCK_ASSERTIONS=1";
				SDKROOT = iphoneos;
				TARGETED_DEVICE_FAMILY = 2;
				VALIDATE_PRODUCT = YES;
			};
			name = Release;
		};
		D3B6B2A917B38F910008DDFA /* Debug */ = {
			isa = XCBuildConfiguration;
			buildSettings = {
				GCC_PRECOMPILE_PREFIX_HEADER = YES;
				GCC_PREFIX_HEADER = "MyBodyRules/MyBodyRules-Prefix.pch";
				INFOPLIST_FILE = "MyBodyRules/MyBodyRules-Info.plist";
				PRODUCT_NAME = "$(TARGET_NAME)";
				WRAPPER_EXTENSION = app;
			};
			name = Debug;
		};
		D3B6B2AA17B38F910008DDFA /* Release */ = {
			isa = XCBuildConfiguration;
			buildSettings = {
				GCC_PRECOMPILE_PREFIX_HEADER = YES;
				GCC_PREFIX_HEADER = "MyBodyRules/MyBodyRules-Prefix.pch";
				INFOPLIST_FILE = "MyBodyRules/MyBodyRules-Info.plist";
				PRODUCT_NAME = "$(TARGET_NAME)";
				WRAPPER_EXTENSION = app;
			};
			name = Release;
		};
/* End XCBuildConfiguration section */

/* Begin XCConfigurationList section */
		D3B6B28017B38F910008DDFA /* Build configuration list for PBXProject "MyBodyRules" */ = {
			isa = XCConfigurationList;
			buildConfigurations = (
				D3B6B2A617B38F910008DDFA /* Debug */,
				D3B6B2A717B38F910008DDFA /* Release */,
			);
			defaultConfigurationIsVisible = 0;
			defaultConfigurationName = Release;
		};
		D3B6B2A817B38F910008DDFA /* Build configuration list for PBXNativeTarget "MyBodyRules" */ = {
			isa = XCConfigurationList;
			buildConfigurations = (
				D3B6B2A917B38F910008DDFA /* Debug */,
				D3B6B2AA17B38F910008DDFA /* Release */,
			);
			defaultConfigurationIsVisible = 0;
			defaultConfigurationName = Release;
		};
/* End XCConfigurationList section */
	};
	rootObject = D3B6B27D17B38F910008DDFA /* Project object */;
}
